
Microsoft Visual Studio Solution File, Format Version 12.00
# Visual Studio Version 16
VisualStudioVersion = 16.0.31129.286
MinimumVisualStudioVersion = 10.0.40219.1
Project("{9A19103F-16F7-4668-BE54-9A1E7A4F7556}") = "tiny-tines", "tiny-tines.csproj", "{175C3E1A-07D8-4C59-9279-66E230F725C8}"
EndProject
Project("{FAE04EC0-301F-11D3-BF4B-00C04F79EFBC}") = "tiny-tines-tests", "..\tiny-tines-test\tiny-tines-tests.csproj", "{FD71F8FD-2392-4537-AD8C-4F14DBADFFEB}"
EndProject
Global
	GlobalSection(SolutionConfigurationPlatforms) = preSolution
		Debug|Any CPU = Debug|Any CPU
		Release|Any CPU = Release|Any CPU
	EndGlobalSection
	GlobalSection(ProjectConfigurationPlatforms) = postSolution
		{175C3E1A-07D8-4C59-9279-66E230F725C8}.Debug|Any CPU.ActiveCfg = Debug|Any CPU
		{175C3E1A-07D8-4C59-9279-66E230F725C8}.Debug|Any CPU.Build.0 = Debug|Any CPU
		{175C3E1A-07D8-4C59-9279-66E230F725C8}.Release|Any CPU.ActiveCfg = Release|Any CPU
		{175C3E1A-07D8-4C59-9279-66E230F725C8}.Release|Any CPU.Build.0 = Release|Any CPU
		{FD71F8FD-2392-4537-AD8C-4F14DBADFFEB}.Debug|Any CPU.ActiveCfg = Debug|Any CPU
		{FD71F8FD-2392-4537-AD8C-4F14DBADFFEB}.Debug|Any CPU.Build.0 = Debug|Any CPU
		{FD71F8FD-2392-4537-AD8C-4F14DBADFFEB}.Release|Any CPU.ActiveCfg = Release|Any CPU
		{FD71F8FD-2392-4537-AD8C-4F14DBADFFEB}.Release|Any CPU.Build.0 = Release|Any CPU
	EndGlobalSection
	GlobalSection(SolutionProperties) = preSolution
		HideSolutionNode = FALSE
	EndGlobalSection
	GlobalSection(ExtensibilityGlobals) = postSolution
		SolutionGuid = {E1421EFC-7C5F-4FE9-9B00-9CE4E217AA1F}
	EndGlobalSection
EndGlobal
